{
  "originHash" : "e7fca7b89e9ff8838cd94594faa947fbd85fec6c218b0fabf6200f36948bc06e",
  "pins" : [
    {
      "identity" : "game-catalogue-about-package",
      "kind" : "remoteSourceControl",
      "location" : "https://github.com/adedwi1808/game-catalogue-About-package.git",
      "state" : {
        "revision" : "e30f7256efaff90d5428f03316db292c22edf23d",
        "version" : "1.0.5"
      }
    },
    {
      "identity" : "game-catalogue-common-package",
      "kind" : "remoteSourceControl",
      "location" : "https://github.com/adedwi1808/game-catalogue-Common-package.git",
      "state" : {
        "revision" : "25861aa36318270163b63dfa7a0e717d0fc98f91",
        "version" : "1.0.5"
      }
    },
    {
      "identity" : "game-catalogue-components-package",
      "kind" : "remoteSourceControl",
      "location" : "https://github.com/adedwi1808/game-catalogue-Components-package.git",
      "state" : {
        "revision" : "929c2631b28a962f3a01172e9eba1e3a8e2adc69",
        "version" : "1.0.5"
      }
    },
    {
      "identity" : "game-catalogue-core-package",
      "kind" : "remoteSourceControl",
      "location" : "https://github.com/adedwi1808/game-catalogue-Core-package.git",
      "state" : {
        "revision" : "2e527871496e6f1c429ca8dd4ce7fcc731027f01",
        "version" : "1.0.5"
      }
    },
    {
      "identity" : "game-catalogue-favorite-package",
      "kind" : "remoteSourceControl",
      "location" : "https://github.com/adedwi1808/game-catalogue-Favorite-package.git",
      "state" : {
        "revision" : "273754832ff317bf086f6cc54cdd812c72cd17fb",
        "version" : "1.0.5"
      }
    },
    {
      "identity" : "game-catalogue-gamedetail-package",
      "kind" : "remoteSourceControl",
      "location" : "https://github.com/adedwi1808/game-catalogue-GameDetail-package.git",
      "state" : {
        "revision" : "b61c215f0aa4b5b983e987a687e6f4d3d2d606d6",
        "version" : "1.0.5"
      }
    },
    {
      "identity" : "game-catalogue-home-package",
      "kind" : "remoteSourceControl",
      "location" : "https://github.com/adedwi1808/game-catalogue-Home-package.git",
      "state" : {
        "revision" : "e6da604b3e495c9987429bb95286cc77e1568ce4",
        "version" : "1.0.5"
      }
    },
    {
      "identity" : "kingfisher",
      "kind" : "remoteSourceControl",
      "location" : "https://github.com/onevcat/Kingfisher.git",
      "state" : {
        "revision" : "d30a5fad881137e2267f96a8e3fc35c58999bb94",
        "version" : "8.6.2"
      }
    },
    {
      "identity" : "realm-core",
      "kind" : "remoteSourceControl",
      "location" : "https://github.com/realm/realm-core.git",
      "state" : {
        "revision" : "cccb3ca9e26ec452a29f2f0d4050d1e38b8a3d43",
        "version" : "14.14.0"
      }
    },
    {
      "identity" : "realm-swift",
      "kind" : "remoteSourceControl",
      "location" : "https://github.com/realm/realm-swift.git",
      "state" : {
        "revision" : "1c105d34f25af7851c5a3ff146be006de247a6b4",
        "version" : "10.54.6"
      }
    },
    {
      "identity" : "skeletonview",
      "kind" : "remoteSourceControl",
      "location" : "https://github.com/Juanpe/SkeletonView.git",
      "state" : {
        "revision" : "2f5274827d310e32c09325dd3e0007120940988e",
        "version" : "1.31.0"
      }
    }
  ],
  "version" : 3
}
